
Microsoft Visual Studio Solution File, Format Version 12.00
# Visual Studio Version 17
VisualStudioVersion = 17.0.31612.314
MinimumVisualStudioVersion = 10.0.40219.1
Project("{FAE04EC0-301F-11D3-BF4B-00C04F79EFBC}") = "NewIdentity", "NewIdentity\NewIdentity.csproj", "{D36534DC-533C-4F11-93DD-8862965CE0BC}"
EndProject
Global
	GlobalSection(SolutionConfigurationPlatforms) = preSolution
		Debug|Any CPU = Debug|Any CPU
		Release|Any CPU = Release|Any CPU
	EndGlobalSection
	GlobalSection(ProjectConfigurationPlatforms) = postSolution
		{D36534DC-533C-4F11-93DD-8862965CE0BC}.Debug|Any CPU.ActiveCfg = Debug|Any CPU
		{D36534DC-533C-4F11-93DD-8862965CE0BC}.Debug|Any CPU.Build.0 = Debug|Any CPU
		{D36534DC-533C-4F11-93DD-8862965CE0BC}.Release|Any CPU.ActiveCfg = Release|Any CPU
		{D36534DC-533C-4F11-93DD-8862965CE0BC}.Release|Any CPU.Build.0 = Release|Any CPU
	EndGlobalSection
	GlobalSection(SolutionProperties) = preSolution
		HideSolutionNode = FALSE
	EndGlobalSection
	GlobalSection(ExtensibilityGlobals) = postSolution
		SolutionGuid = {D037CBF1-50E6-43B2-9DDC-5BBE870DD747}
	EndGlobalSection
EndGlobal
