
Microsoft Visual Studio Solution File, Format Version 12.00
# Visual Studio Version 17
VisualStudioVersion = 17.1.32228.430
MinimumVisualStudioVersion = 10.0.40219.1
Project("{FAE04EC0-301F-11D3-BF4B-00C04F79EFBC}") = "SuperMegaHyperPuperShop", "SuperMegaHyperPuperShop\SuperMegaHyperPuperShop.csproj", "{8095346A-C5AD-42B4-AB87-0A4634BF3DC0}"
EndProject
Project("{FAE04EC0-301F-11D3-BF4B-00C04F79EFBC}") = "SuperMegaHyperPuperShop.BLL", "SuperMegaHyperPuperShop.BLL\SuperMegaHyperPuperShop.BLL.csproj", "{477505E0-AB26-4BA1-800A-41194205F490}"
EndProject
Project("{FAE04EC0-301F-11D3-BF4B-00C04F79EFBC}") = "SuperMegaHyperPuperShop.DAL", "SuperMegaHyperPuperShop.DAL\SuperMegaHyperPuperShop.DAL.csproj", "{088DC5FF-1DB3-448A-A32A-5F984479BB08}"
EndProject
Global
	GlobalSection(SolutionConfigurationPlatforms) = preSolution
		Debug|Any CPU = Debug|Any CPU
		Release|Any CPU = Release|Any CPU
	EndGlobalSection
	GlobalSection(ProjectConfigurationPlatforms) = postSolution
		{8095346A-C5AD-42B4-AB87-0A4634BF3DC0}.Debug|Any CPU.ActiveCfg = Debug|Any CPU
		{8095346A-C5AD-42B4-AB87-0A4634BF3DC0}.Debug|Any CPU.Build.0 = Debug|Any CPU
		{8095346A-C5AD-42B4-AB87-0A4634BF3DC0}.Release|Any CPU.ActiveCfg = Release|Any CPU
		{8095346A-C5AD-42B4-AB87-0A4634BF3DC0}.Release|Any CPU.Build.0 = Release|Any CPU
		{477505E0-AB26-4BA1-800A-41194205F490}.Debug|Any CPU.ActiveCfg = Debug|Any CPU
		{477505E0-AB26-4BA1-800A-41194205F490}.Debug|Any CPU.Build.0 = Debug|Any CPU
		{477505E0-AB26-4BA1-800A-41194205F490}.Release|Any CPU.ActiveCfg = Release|Any CPU
		{477505E0-AB26-4BA1-800A-41194205F490}.Release|Any CPU.Build.0 = Release|Any CPU
		{088DC5FF-1DB3-448A-A32A-5F984479BB08}.Debug|Any CPU.ActiveCfg = Debug|Any CPU
		{088DC5FF-1DB3-448A-A32A-5F984479BB08}.Debug|Any CPU.Build.0 = Debug|Any CPU
		{088DC5FF-1DB3-448A-A32A-5F984479BB08}.Release|Any CPU.ActiveCfg = Release|Any CPU
		{088DC5FF-1DB3-448A-A32A-5F984479BB08}.Release|Any CPU.Build.0 = Release|Any CPU
	EndGlobalSection
	GlobalSection(SolutionProperties) = preSolution
		HideSolutionNode = FALSE
	EndGlobalSection
	GlobalSection(ExtensibilityGlobals) = postSolution
		SolutionGuid = {77E3D11C-65D7-41B4-A013-7A9F09D6B5D8}
	EndGlobalSection
EndGlobal
